{
  "version": 1,
  "dependencies": {
    "net10.0": {
      "Microsoft.AspNetCore.Authentication.JwtBearer": {
        "type": "Direct",
        "requested": "[10.0.12, )",
        "resolved": "10.0.12",
        "contentHash": "DeE+Bq2OqB3FikFkZk+7gFBeLOQhkSolejLrbi+a9zpfvXtW1Ff6Nd6DIvHXIm+pc4aM4+52vDy3jnuau0qoUQ==",
        "dependencies": {
          "Microsoft.IdentityModel.Protocols.OpenIdConnect": "8.19.2"
        }
      },
      "Microsoft.AspNetCore.OpenApi": {
        "type": "Direct",
        "requested": "[10.0.12, )",
        "resolved": "10.0.12",
        "contentHash": "7RnQ/UKn+kK3JDLmTpW+vVqNErWthGPAVAy1aIiBzv4ucQ6g9NFvOJUuT0PHcpvcJxGVxctMxj6t+NESWMrgHQ==",
        "dependencies": {
          "Microsoft.OpenApi": "[2.12.0, 3.0.0)"
        }
      },
      "Serilog.AspNetCore": {
        "type": "Direct",
        "requested": "[10.0.0, )",
        "resolved": "10.0.0",
        "contentHash": "a/cNa1mY4On1oJlfGG1wAvxjp5g7OEzk/Jf/nm7NF9cWoE7KlZw1GldrifUBWm9oKibHkR7Lg/l5jy3y7ACR8w==",
        "dependencies": {
          "Serilog": "4.3.0",
          "Serilog.Extensions.Hosting": "10.0.0",
          "Serilog.Formatting.Compact": "3.0.0",
          "Serilog.Settings.Configuration": "10.0.0",
          "Serilog.Sinks.Console": "6.1.1",
          "Serilog.Sinks.Debug": "3.0.0",
          "Serilog.Sinks.File": "7.0.0"
        }
      },
      "BouncyCastle.Cryptography": {
        "type": "Transitive",
        "resolved": "2.6.2",
        "contentHash": "7oWOcvnntmMKNzDLsdxAYqApt+AjpRpP2CShjMfIa3umZ42UQMvH0tl1qAliYPNYO6vTdcGMqnRrCPmsfzTI1w=="
      },
      "Dapper": {
        "type": "Transitive",
        "resolved": "2.0.123",
        "contentHash": "RDFF4rBLLmbpi6pwkY7q/M6UXHRJEOerplDGE5jwEkP/JGJnBauAClYavNKJPW1yOTWRPIyfj4is3EaJxQXILQ=="
      },
      "Dapper.AOT": {
        "type": "Transitive",
        "resolved": "1.0.48",
        "contentHash": "rsLM3yKr4g+YKKox9lhc8D+kz67P7Q9+xdyn1LmCsoYr1kYpJSm+Nt6slo5UrfUrcTiGJ57zUlyO8XUdV7G7iA=="
      },
      "Hangfire.AspNetCore": {
        "type": "Transitive",
        "resolved": "1.8.25",
        "contentHash": "IqklPyZDacfrCM6I9vpoTd9n14AvP5tepgR/IfKTUlPzGihLzey9jpL7PTKguJ3CPAA12qz3WCDUfIJ9IsCLQw==",
        "dependencies": {
          "Hangfire.NetCore": "[1.8.25]"
        }
      },
      "Hangfire.Core": {
        "type": "Transitive",
        "resolved": "1.8.25",
        "contentHash": "BxzXlHwXNrGPHJ7YfAVfeiXC+BHd6uPoyyfV+9bCJVPPGs4z0EQCW1X44Og/IUFM81ENCqAFP1r2rOkQhm4ydA==",
        "dependencies": {
          "Newtonsoft.Json": "11.0.1"
        }
      },
      "Hangfire.NetCore": {
        "type": "Transitive",
        "resolved": "1.8.25",
        "contentHash": "ZfI7gwr7n70r635VS9aKsWSzOodY6U0bSIG0jDrqd5ODRLKvc+e5aXXGCnWHWzjvagvlwtUcRGG/lD0/3C7chA==",
        "dependencies": {
          "Hangfire.Core": "[1.8.25]"
        }
      },
      "Hangfire.PostgreSql": {
        "type": "Transitive",
        "resolved": "1.21.1",
        "contentHash": "hFNZAxv+1p72/XCZdImnH6ovCzZ2DKAMTOI8CReT0P3yw/k0b0YJP2teA18agNH1ZYInPzhtxGk8hx5n2cxbbQ==",
        "dependencies": {
          "Dapper": "2.0.123",
          "Dapper.AOT": "1.0.48",
          "Hangfire.Core": "1.8.0",
          "Npgsql": "6.0.11"
        }
      },
      "MailKit": {
        "type": "Transitive",
        "resolved": "4.17.0",
        "contentHash": "1nUAVLxM9fhT/78we6/AGsCesnpn5dRNLLeRqOfr52Wnk87pzVwo5YMTMyqnmoXrYc7piGhmayiMA/OgDluIjg==",
        "dependencies": {
          "MimeKit": "4.17.0"
        }
      },
      "Microsoft.Bcl.Cryptography": {
        "type": "Transitive",
        "resolved": "10.0.2",
        "contentHash": "LG9Yll3B5aNpxv0+D47g6LiOiKBIlodhcHdQwcYzo8VeexFLGqx5ymetmA2aBRyo9cCcWsQWrFsdbsr8LvmWDw=="
      },
      "Microsoft.EntityFrameworkCore": {
        "type": "Transitive",
        "resolved": "10.0.12",
        "contentHash": "e7OrVN8U5yr4kuwdTHWBHGVQIVsGfMkAr0Ej1/BnrS989Q0XBVANpIzNZ2bc1GvMZ0/XwMt5InTnmKskxGy99Q==",
        "dependencies": {
          "Microsoft.EntityFrameworkCore.Abstractions": "10.0.12",
          "Microsoft.EntityFrameworkCore.Analyzers": "10.0.12"
        }
      },
      "Microsoft.EntityFrameworkCore.Abstractions": {
        "type": "Transitive",
        "resolved": "10.0.12",
        "contentHash": "kDrux7T6C3V/YYYe2LXr7x6AEsVyq5Y2YoTE9er1SwbDtap3z1g8RgxNh5eKQVyB4T+DKvBBJ4Ezd/VZzJQJZg=="
      },
      "Microsoft.EntityFrameworkCore.Analyzers": {
        "type": "Transitive",
        "resolved": "10.0.12",
        "contentHash": "Kd4o2oO1A6dfKxjz5LS16QyLtpCFTUiFWwmBABETAXRsSImBdRdWeKjSgbbRhAMiV3a3/nWr95ZtzClT4uaADQ=="
      },
      "Microsoft.EntityFrameworkCore.Relational": {
        "type": "Transitive",
        "resolved": "10.0.12",
        "contentHash": "OiHmr8XzX96dbgMsYGe8qoqg4KxibdZG2r0QUVJBGktFInOp8IrABe8jvcbo5hrqeWfbwpK7fCEBiEPbY/ik4A==",
        "dependencies": {
          "Microsoft.EntityFrameworkCore": "10.0.12"
        }
      },
      "Microsoft.Extensions.DependencyModel": {
        "type": "Transitive",
        "resolved": "10.0.0",
        "contentHash": "RFYJR7APio/BiqdQunRq6DB+nDB6nc2qhHr77mlvZ0q0BT8PubMXN7XicmfzCbrDE/dzhBnUKBRXLTcqUiZDGg=="
      },
      "Microsoft.IdentityModel.Abstractions": {
        "type": "Transitive",
        "resolved": "8.23.0",
        "contentHash": "JjiBkKj12OKvuWr+kB5sQwb7fmWW5bi03Mq/rd2Fu/7YwZ1RWQO9KhI9lBxki4o1VvY0wzqny8c7nwx1uuZzVg=="
      },
      "Microsoft.IdentityModel.JsonWebTokens": {
        "type": "Transitive",
        "resolved": "8.23.0",
        "contentHash": "ePEm+mv5iswzckE3mygh52uFUeQpVlHa1B10nS4jpEyNV5tL1mLgRS9U5sMaRlhsPRsZ1DJP0+FhxSrOIfMGIg==",
        "dependencies": {
          "Microsoft.IdentityModel.Tokens": "8.23.0"
        }
      },
      "Microsoft.IdentityModel.Logging": {
        "type": "Transitive",
        "resolved": "8.23.0",
        "contentHash": "wSXXOoV4b4hhRcC492jyNBZkO0LWrcWtWP5Cl5ujrON3vTMlufXDT39gTZfBhFAZCV2XJtNU6DLHMDR6E9YpUg==",
        "dependencies": {
          "Microsoft.IdentityModel.Abstractions": "8.23.0"
        }
      },
      "Microsoft.IdentityModel.Protocols": {
        "type": "Transitive",
        "resolved": "8.19.2",
        "contentHash": "sGxSsSrZXNmca6D+jHH2rVRyo2nNRd/g4H9CFbPmLLq0xgoH1U0orLWE5minfijw7+zq49tBs7txenbfAErRoQ==",
        "dependencies": {
          "Microsoft.IdentityModel.Tokens": "8.19.2"
        }
      },
      "Microsoft.IdentityModel.Protocols.OpenIdConnect": {
        "type": "Transitive",
        "resolved": "8.19.2",
        "contentHash": "1XOcyY36cVymzE3qKdzKaUEZ4Pzt7ZpSa14JZoPPK1NLFUkQDs85TCqpV6XDo0YjFXj6nVK00AfOHppjghjhtw==",
        "dependencies": {
          "Microsoft.IdentityModel.Protocols": "8.19.2",
          "System.IdentityModel.Tokens.Jwt": "8.19.2"
        }
      },
      "Microsoft.IdentityModel.Tokens": {
        "type": "Transitive",
        "resolved": "8.23.0",
        "contentHash": "PUowLq8gqICt+oepHWmKBOJmnVmWoQ5dOVn2CgwFMBZZOAEMHgCQLWs8ONYdsjAyjhDHaFy+AAx0OMG/oV06Zw==",
        "dependencies": {
          "Microsoft.Bcl.Cryptography": "10.0.2",
          "Microsoft.IdentityModel.Logging": "8.23.0"
        }
      },
      "Microsoft.OpenApi": {
        "type": "Transitive",
        "resolved": "2.12.0",
        "contentHash": "0xB/be+f6qYOhvQPUrVsLrau+fkowYv6gt9RIkajMhwT7sZnqtcA797yW3bS5kgSje+AQW4xZgyLnW641YFioQ=="
      },
      "MimeKit": {
        "type": "Transitive",
        "resolved": "4.17.0",
        "contentHash": "h/KXsCreJf8RpR/PSAtlbvYtZFndp9N8Wn1Bs248AL7ITyhn+AiIY5bLTvt60tbN2mu6g8KadtBNWygTji2lqg==",
        "dependencies": {
          "BouncyCastle.Cryptography": "2.6.2",
          "System.Security.Cryptography.Pkcs": "10.0.0"
        }
      },
      "Newtonsoft.Json": {
        "type": "Transitive",
        "resolved": "13.0.4",
        "contentHash": "pdgNNMai3zv51W5aq268sujXUyx7SNdE2bj1wZcWjAQrKMFZV260lbqYop1d2GM67JI1huLRwxo9ZqnfF/lC6A=="
      },
      "Npgsql": {
        "type": "Transitive",
        "resolved": "10.0.3",
        "contentHash": "7nb5YzXuvWWJxB0J8DiyL3we+X4FOctZrt0fIBnucOIaIevFEEwGQVZKtiu9olXdlNAK1eNgqSral6r/jlhI4w=="
      },
      "Npgsql.EntityFrameworkCore.PostgreSQL": {
        "type": "Transitive",
        "resolved": "10.0.3",
        "contentHash": "IPGrrZnRkuW7OlHDhUESZz4G5DLkW7Nej/O3Cx+0iTsgyU5XJxBgpsvTHLloo3WWuAKKbDHXBvWPVkX1deRh1Q==",
        "dependencies": {
          "Microsoft.EntityFrameworkCore": "[10.0.4, 11.0.0)",
          "Microsoft.EntityFrameworkCore.Relational": "[10.0.4, 11.0.0)",
          "Npgsql": "10.0.3"
        }
      },
      "Serilog": {
        "type": "Transitive",
        "resolved": "4.3.0",
        "contentHash": "+cDryFR0GRhsGOnZSKwaDzRRl4MupvJ42FhCE4zhQRVanX0Jpg6WuCBk59OVhVDPmab1bB+nRykAnykYELA9qQ=="
      },
      "Serilog.Extensions.Hosting": {
        "type": "Transitive",
        "resolved": "10.0.0",
        "contentHash": "E7juuIc+gzoGxgzFooFgAV8g9BfiSXNKsUok9NmEpyAXg2odkcPsMa/Yo4axkJRlh0se7mkYQ1GXDaBemR+b6w==",
        "dependencies": {
          "Serilog": "4.3.0",
          "Serilog.Extensions.Logging": "10.0.0"
        }
      },
      "Serilog.Extensions.Logging": {
        "type": "Transitive",
        "resolved": "10.0.0",
        "contentHash": "vx0kABKl2dWbBhhqAfTOk53/i8aV/5VaT3a6il9gn72Wqs2pM7EK2OB6No6xdqK2IaY6Zf9gdjLuK9BVa2rT+Q==",
        "dependencies": {
          "Serilog": "4.2.0"
        }
      },
      "Serilog.Formatting.Compact": {
        "type": "Transitive",
        "resolved": "3.0.0",
        "contentHash": "wQsv14w9cqlfB5FX2MZpNsTawckN4a8dryuNGbebB/3Nh1pXnROHZov3swtu3Nj5oNG7Ba+xdu7Et/ulAUPanQ==",
        "dependencies": {
          "Serilog": "4.0.0"
        }
      },
      "Serilog.Settings.Configuration": {
        "type": "Transitive",
        "resolved": "10.0.0",
        "contentHash": "LNq+ibS1sbhTqPV1FIE69/9AJJbfaOhnaqkzcjFy95o+4U+STsta9mi97f1smgXsWYKICDeGUf8xUGzd/52/uA==",
        "dependencies": {
          "Microsoft.Extensions.DependencyModel": "10.0.0",
          "Serilog": "4.3.0"
        }
      },
      "Serilog.Sinks.Console": {
        "type": "Transitive",
        "resolved": "6.1.1",
        "contentHash": "8jbqgjUyZlfCuSTaJk6lOca465OndqOz3KZP6Cryt/IqZYybyBu7GP0fE/AXBzrrQB3EBmQntBFAvMVz1COvAA==",
        "dependencies": {
          "Serilog": "4.0.0"
        }
      },
      "Serilog.Sinks.Debug": {
        "type": "Transitive",
        "resolved": "3.0.0",
        "contentHash": "4BzXcdrgRX7wde9PmHuYd9U6YqycCC28hhpKonK7hx0wb19eiuRj16fPcPSVp0o/Y1ipJuNLYQ00R3q2Zs8FDA==",
        "dependencies": {
          "Serilog": "4.0.0"
        }
      },
      "Serilog.Sinks.File": {
        "type": "Transitive",
        "resolved": "7.0.0",
        "contentHash": "fKL7mXv7qaiNBUC71ssvn/dU0k9t0o45+qm2XgKAlSt19xF+ijjxyA3R6HmCgfKEKwfcfkwWjayuQtRueZFkYw==",
        "dependencies": {
          "Serilog": "4.2.0"
        }
      },
      "System.IdentityModel.Tokens.Jwt": {
        "type": "Transitive",
        "resolved": "8.19.2",
        "contentHash": "gqhDC/icByKEutygpr+OFgAmjwTVowyzFjWB8K0q1ww8uFj5a1BQNL+QvijUl9uhq4p8OdDwcAIrjVC+eC9FVA==",
        "dependencies": {
          "Microsoft.IdentityModel.JsonWebTokens": "8.19.2",
          "Microsoft.IdentityModel.Tokens": "8.19.2"
        }
      },
      "System.Security.Cryptography.Pkcs": {
        "type": "Transitive",
        "resolved": "10.0.0",
        "contentHash": "UPWqLSygJlFerRi9XNIuM0a1VC8gHUIufyP24xQ0sc+XimqUAEcjpOz9DhKpyDjH+5B/wO3RpC0KpkEeDj/ddg=="
      },
      "bizflow.application": {
        "type": "Project",
        "dependencies": {
          "BizFlow.Domain": "[1.0.0, )"
        }
      },
      "bizflow.domain": {
        "type": "Project"
      },
      "bizflow.infrastructure": {
        "type": "Project",
        "dependencies": {
          "BizFlow.Application": "[1.0.0, )",
          "BizFlow.Domain": "[1.0.0, )",
          "Hangfire.AspNetCore": "[1.8.25, )",
          "Hangfire.PostgreSql": "[1.21.1, )",
          "MailKit": "[4.17.0, )",
          "Microsoft.EntityFrameworkCore": "[10.0.12, )",
          "Microsoft.EntityFrameworkCore.Relational": "[10.0.12, )",
          "Microsoft.IdentityModel.JsonWebTokens": "[8.23.0, )",
          "Newtonsoft.Json": "[13.0.4, )",
          "Npgsql.EntityFrameworkCore.PostgreSQL": "[10.0.3, )"
        }
      }
    }
  }
}